
Microsoft Visual Studio Solution File, Format Version 12.00
# Visual Studio Version 17
VisualStudioVersion = 17.14.36511.14 d17.14
MinimumVisualStudioVersion = 10.0.40219.1
Project("{FAE04EC0-301F-11D3-BF4B-00C04F79EFBC}") = "KMTools_v1.0", "KMTools_v1.0.csproj", "{AF2DA5A2-BE81-477B-83E9-481A892750ED}"
EndProject
Global
	GlobalSection(SolutionConfigurationPlatforms) = preSolution
		Debug|Any CPU = Debug|Any CPU
		Release|Any CPU = Release|Any CPU
	EndGlobalSection
	GlobalSection(ProjectConfigurationPlatforms) = postSolution
		{AF2DA5A2-BE81-477B-83E9-481A892750ED}.Debug|Any CPU.ActiveCfg = Debug|Any CPU
		{AF2DA5A2-BE81-477B-83E9-481A892750ED}.Debug|Any CPU.Build.0 = Debug|Any CPU
		{AF2DA5A2-BE81-477B-83E9-481A892750ED}.Release|Any CPU.ActiveCfg = Release|Any CPU
		{AF2DA5A2-BE81-477B-83E9-481A892750ED}.Release|Any CPU.Build.0 = Release|Any CPU
	EndGlobalSection
	GlobalSection(SolutionProperties) = preSolution
		HideSolutionNode = FALSE
	EndGlobalSection
	GlobalSection(ExtensibilityGlobals) = postSolution
		SolutionGuid = {DD6EA45C-D70F-4216-AF5A-04F089F6CE5D}
	EndGlobalSection
EndGlobal
